{
  "version": "5",
  "specifiers": {
    "jsr:@supabase/supabase-js@2": "2.117.3"
  },
  "jsr": {
    "@supabase/supabase-js@2.117.3": {
      "integrity": "f188c6d5a1bc5510445cf5f535702292753d534a22c64bd92962094fe6111f94"
    }
  },
  "workspace": {
    "packageJson": {
      "dependencies": [
        "npm:@eslint/js@^9.39.5",
        "npm:@playwright/test@^1.56.1",
        "npm:eslint@^9.39.5",
        "npm:serve@^14.2.6",
        "npm:typescript-eslint@^8.71.1",
        "npm:typescript@5.9",
        "npm:vitest@^3.2.7"
      ]
    },
    "members": {
      "apps/mobile": {
        "packageJson": {
          "dependencies": [
            "npm:@expo/metro-runtime@~57.0.16",
            "npm:@hfn/core@*",
            "npm:@react-native-async-storage/async-storage@2.2.0",
            "npm:@supabase/supabase-js@^2.117.3",
            "npm:@tanstack/query-async-storage-persister@^5.104.1",
            "npm:@tanstack/react-query-persist-client@^5.104.1",
            "npm:@tanstack/react-query@^5.104.1",
            "npm:@types/react@~19.2.2",
            "npm:expo-constants@~57.0.21",
            "npm:expo-crypto@~57.0.3",
            "npm:expo-linking@~57.0.12",
            "npm:expo-router@~57.0.25",
            "npm:expo-status-bar@~57.0.1",
            "npm:expo@~57.0.27",
            "npm:react-dom@19.2.3",
            "npm:react-native-safe-area-context@5.7",
            "npm:react-native-screens@4.26",
            "npm:react-native-url-polyfill@4",
            "npm:react-native-web@~0.21.2",
            "npm:react-native@0.86.3",
            "npm:react@19.2.3",
            "npm:typescript@~6.0.3"
          ]
        }
      },
      "packages/core": {
        "packageJson": {
          "dependencies": [
            "npm:zod@^4.1.0"
          ]
        }
      }
    }
  }
}
